
Microsoft Visual Studio Solution File, Format Version 12.00
# Visual Studio 15
VisualStudioVersion = 15.0.26124.0
MinimumVisualStudioVersion = 15.0.26124.0
Project("{2150E333-8FDC-42A3-9474-1A3956D46DE8}") = "src", "src", "{0DCEC79F-69EE-4581-87EE-2521E0FDA53D}"
EndProject
Project("{2150E333-8FDC-42A3-9474-1A3956D46DE8}") = "Loan", "Loan", "{DBD7C774-CA43-4130-8D39-96CD0ED18024}"
EndProject
Project("{FAE04EC0-301F-11D3-BF4B-00C04F79EFBC}") = "Loan.Web", "src\Loan\Loan.Web\Loan.Web.csproj", "{93F1331C-9E69-40A6-B2F7-349CCB992604}"
EndProject
Project("{FAE04EC0-301F-11D3-BF4B-00C04F79EFBC}") = "Loan.Entities", "src\Loan\Loan.Entities\Loan.Entities.csproj", "{B8CB9EEE-B94C-4EF7-9B41-A8F39D28CF70}"
EndProject
Project("{FAE04EC0-301F-11D3-BF4B-00C04F79EFBC}") = "Loan.Data", "src\Loan\Loan.Data\Loan.Data.csproj", "{6E05B036-9B3F-4B7A-A947-791AC8056A02}"
EndProject
Project("{FAE04EC0-301F-11D3-BF4B-00C04F79EFBC}") = "Loan.Services", "src\Loan\Loan.Services\Loan.Services.csproj", "{8C170616-567D-4141-9C04-023911D97E43}"
EndProject
Project("{FAE04EC0-301F-11D3-BF4B-00C04F79EFBC}") = "Loan.Repositories", "src\Loan\Loan.Repositories\Loan.Repositories.csproj", "{BC35AE1C-1AFF-420E-8DE8-FCEBAA6A2F00}"
EndProject
Project("{FAE04EC0-301F-11D3-BF4B-00C04F79EFBC}") = "Loan.App", "src\Loan\Loan.App\Loan.App.csproj", "{7DDFA3DF-B851-4F77-A8F2-09727C5966E9}"
EndProject
Project("{FAE04EC0-301F-11D3-BF4B-00C04F79EFBC}") = "Loan.Core", "src\Loan\Loan.Core\Loan.Core.csproj", "{2F723DF5-3E0C-4AEF-8EE3-CC91BC8FF9BF}"
EndProject
Project("{2150E333-8FDC-42A3-9474-1A3956D46DE8}") = "Plugins", "Plugins", "{1924B950-5CE7-11EB-AD10-2F61431AD83E}"
EndProject
Project("{FAE04EC0-301F-11D3-BF4B-00C04F79EFBC}") = "CryptoCompare", "src\Plugins\CryptoCompare\CryptoCompare.csproj", "{5A268A57-26DC-4696-A5AB-1F0FA997A18C}"
EndProject
Project("{FAE04EC0-301F-11D3-BF4B-00C04F79EFBC}") = "Loan.Api", "src\Loan\Loan.Api\Loan.Api.csproj", "{BEA56718-7763-4D6B-AB2B-7600865E4994}"
EndProject
Global
	GlobalSection(SolutionConfigurationPlatforms) = preSolution
		Debug|Any CPU = Debug|Any CPU
		Debug|x64 = Debug|x64
		Debug|x86 = Debug|x86
		Release|Any CPU = Release|Any CPU
		Release|x64 = Release|x64
		Release|x86 = Release|x86
	EndGlobalSection
	GlobalSection(SolutionProperties) = preSolution
		HideSolutionNode = FALSE
	EndGlobalSection
	GlobalSection(ProjectConfigurationPlatforms) = postSolution
		{93F1331C-9E69-40A6-B2F7-349CCB992604}.Debug|Any CPU.ActiveCfg = Debug|Any CPU
		{93F1331C-9E69-40A6-B2F7-349CCB992604}.Debug|Any CPU.Build.0 = Debug|Any CPU
		{93F1331C-9E69-40A6-B2F7-349CCB992604}.Debug|x64.ActiveCfg = Debug|Any CPU
		{93F1331C-9E69-40A6-B2F7-349CCB992604}.Debug|x64.Build.0 = Debug|Any CPU
		{93F1331C-9E69-40A6-B2F7-349CCB992604}.Debug|x86.ActiveCfg = Debug|Any CPU
		{93F1331C-9E69-40A6-B2F7-349CCB992604}.Debug|x86.Build.0 = Debug|Any CPU
		{93F1331C-9E69-40A6-B2F7-349CCB992604}.Release|Any CPU.ActiveCfg = Release|Any CPU
		{93F1331C-9E69-40A6-B2F7-349CCB992604}.Release|Any CPU.Build.0 = Release|Any CPU
		{93F1331C-9E69-40A6-B2F7-349CCB992604}.Release|x64.ActiveCfg = Release|Any CPU
		{93F1331C-9E69-40A6-B2F7-349CCB992604}.Release|x64.Build.0 = Release|Any CPU
		{93F1331C-9E69-40A6-B2F7-349CCB992604}.Release|x86.ActiveCfg = Release|Any CPU
		{93F1331C-9E69-40A6-B2F7-349CCB992604}.Release|x86.Build.0 = Release|Any CPU
		{B8CB9EEE-B94C-4EF7-9B41-A8F39D28CF70}.Debug|Any CPU.ActiveCfg = Debug|Any CPU
		{B8CB9EEE-B94C-4EF7-9B41-A8F39D28CF70}.Debug|Any CPU.Build.0 = Debug|Any CPU
		{B8CB9EEE-B94C-4EF7-9B41-A8F39D28CF70}.Debug|x64.ActiveCfg = Debug|Any CPU
		{B8CB9EEE-B94C-4EF7-9B41-A8F39D28CF70}.Debug|x64.Build.0 = Debug|Any CPU
		{B8CB9EEE-B94C-4EF7-9B41-A8F39D28CF70}.Debug|x86.ActiveCfg = Debug|Any CPU
		{B8CB9EEE-B94C-4EF7-9B41-A8F39D28CF70}.Debug|x86.Build.0 = Debug|Any CPU
		{B8CB9EEE-B94C-4EF7-9B41-A8F39D28CF70}.Release|Any CPU.ActiveCfg = Release|Any CPU
		{B8CB9EEE-B94C-4EF7-9B41-A8F39D28CF70}.Release|Any CPU.Build.0 = Release|Any CPU
		{B8CB9EEE-B94C-4EF7-9B41-A8F39D28CF70}.Release|x64.ActiveCfg = Release|Any CPU
		{B8CB9EEE-B94C-4EF7-9B41-A8F39D28CF70}.Release|x64.Build.0 = Release|Any CPU
		{B8CB9EEE-B94C-4EF7-9B41-A8F39D28CF70}.Release|x86.ActiveCfg = Release|Any CPU
		{B8CB9EEE-B94C-4EF7-9B41-A8F39D28CF70}.Release|x86.Build.0 = Release|Any CPU
		{6E05B036-9B3F-4B7A-A947-791AC8056A02}.Debug|Any CPU.ActiveCfg = Debug|Any CPU
		{6E05B036-9B3F-4B7A-A947-791AC8056A02}.Debug|Any CPU.Build.0 = Debug|Any CPU
		{6E05B036-9B3F-4B7A-A947-791AC8056A02}.Debug|x64.ActiveCfg = Debug|Any CPU
		{6E05B036-9B3F-4B7A-A947-791AC8056A02}.Debug|x64.Build.0 = Debug|Any CPU
		{6E05B036-9B3F-4B7A-A947-791AC8056A02}.Debug|x86.ActiveCfg = Debug|Any CPU
		{6E05B036-9B3F-4B7A-A947-791AC8056A02}.Debug|x86.Build.0 = Debug|Any CPU
		{6E05B036-9B3F-4B7A-A947-791AC8056A02}.Release|Any CPU.ActiveCfg = Release|Any CPU
		{6E05B036-9B3F-4B7A-A947-791AC8056A02}.Release|Any CPU.Build.0 = Release|Any CPU
		{6E05B036-9B3F-4B7A-A947-791AC8056A02}.Release|x64.ActiveCfg = Release|Any CPU
		{6E05B036-9B3F-4B7A-A947-791AC8056A02}.Release|x64.Build.0 = Release|Any CPU
		{6E05B036-9B3F-4B7A-A947-791AC8056A02}.Release|x86.ActiveCfg = Release|Any CPU
		{6E05B036-9B3F-4B7A-A947-791AC8056A02}.Release|x86.Build.0 = Release|Any CPU
		{8C170616-567D-4141-9C04-023911D97E43}.Debug|Any CPU.ActiveCfg = Debug|Any CPU
		{8C170616-567D-4141-9C04-023911D97E43}.Debug|Any CPU.Build.0 = Debug|Any CPU
		{8C170616-567D-4141-9C04-023911D97E43}.Debug|x64.ActiveCfg = Debug|Any CPU
		{8C170616-567D-4141-9C04-023911D97E43}.Debug|x64.Build.0 = Debug|Any CPU
		{8C170616-567D-4141-9C04-023911D97E43}.Debug|x86.ActiveCfg = Debug|Any CPU
		{8C170616-567D-4141-9C04-023911D97E43}.Debug|x86.Build.0 = Debug|Any CPU
		{8C170616-567D-4141-9C04-023911D97E43}.Release|Any CPU.ActiveCfg = Release|Any CPU
		{8C170616-567D-4141-9C04-023911D97E43}.Release|Any CPU.Build.0 = Release|Any CPU
		{8C170616-567D-4141-9C04-023911D97E43}.Release|x64.ActiveCfg = Release|Any CPU
		{8C170616-567D-4141-9C04-023911D97E43}.Release|x64.Build.0 = Release|Any CPU
		{8C170616-567D-4141-9C04-023911D97E43}.Release|x86.ActiveCfg = Release|Any CPU
		{8C170616-567D-4141-9C04-023911D97E43}.Release|x86.Build.0 = Release|Any CPU
		{BC35AE1C-1AFF-420E-8DE8-FCEBAA6A2F00}.Debug|Any CPU.ActiveCfg = Debug|Any CPU
		{BC35AE1C-1AFF-420E-8DE8-FCEBAA6A2F00}.Debug|Any CPU.Build.0 = Debug|Any CPU
		{BC35AE1C-1AFF-420E-8DE8-FCEBAA6A2F00}.Debug|x64.ActiveCfg = Debug|Any CPU
		{BC35AE1C-1AFF-420E-8DE8-FCEBAA6A2F00}.Debug|x64.Build.0 = Debug|Any CPU
		{BC35AE1C-1AFF-420E-8DE8-FCEBAA6A2F00}.Debug|x86.ActiveCfg = Debug|Any CPU
		{BC35AE1C-1AFF-420E-8DE8-FCEBAA6A2F00}.Debug|x86.Build.0 = Debug|Any CPU
		{BC35AE1C-1AFF-420E-8DE8-FCEBAA6A2F00}.Release|Any CPU.ActiveCfg = Release|Any CPU
		{BC35AE1C-1AFF-420E-8DE8-FCEBAA6A2F00}.Release|Any CPU.Build.0 = Release|Any CPU
		{BC35AE1C-1AFF-420E-8DE8-FCEBAA6A2F00}.Release|x64.ActiveCfg = Release|Any CPU
		{BC35AE1C-1AFF-420E-8DE8-FCEBAA6A2F00}.Release|x64.Build.0 = Release|Any CPU
		{BC35AE1C-1AFF-420E-8DE8-FCEBAA6A2F00}.Release|x86.ActiveCfg = Release|Any CPU
		{BC35AE1C-1AFF-420E-8DE8-FCEBAA6A2F00}.Release|x86.Build.0 = Release|Any CPU
		{7DDFA3DF-B851-4F77-A8F2-09727C5966E9}.Debug|Any CPU.ActiveCfg = Debug|Any CPU
		{7DDFA3DF-B851-4F77-A8F2-09727C5966E9}.Debug|Any CPU.Build.0 = Debug|Any CPU
		{7DDFA3DF-B851-4F77-A8F2-09727C5966E9}.Debug|x64.ActiveCfg = Debug|Any CPU
		{7DDFA3DF-B851-4F77-A8F2-09727C5966E9}.Debug|x64.Build.0 = Debug|Any CPU
		{7DDFA3DF-B851-4F77-A8F2-09727C5966E9}.Debug|x86.ActiveCfg = Debug|Any CPU
		{7DDFA3DF-B851-4F77-A8F2-09727C5966E9}.Debug|x86.Build.0 = Debug|Any CPU
		{7DDFA3DF-B851-4F77-A8F2-09727C5966E9}.Release|Any CPU.ActiveCfg = Release|Any CPU
		{7DDFA3DF-B851-4F77-A8F2-09727C5966E9}.Release|Any CPU.Build.0 = Release|Any CPU
		{7DDFA3DF-B851-4F77-A8F2-09727C5966E9}.Release|x64.ActiveCfg = Release|Any CPU
		{7DDFA3DF-B851-4F77-A8F2-09727C5966E9}.Release|x64.Build.0 = Release|Any CPU
		{7DDFA3DF-B851-4F77-A8F2-09727C5966E9}.Release|x86.ActiveCfg = Release|Any CPU
		{7DDFA3DF-B851-4F77-A8F2-09727C5966E9}.Release|x86.Build.0 = Release|Any CPU
		{2F723DF5-3E0C-4AEF-8EE3-CC91BC8FF9BF}.Debug|Any CPU.ActiveCfg = Debug|Any CPU
		{2F723DF5-3E0C-4AEF-8EE3-CC91BC8FF9BF}.Debug|Any CPU.Build.0 = Debug|Any CPU
		{2F723DF5-3E0C-4AEF-8EE3-CC91BC8FF9BF}.Debug|x64.ActiveCfg = Debug|Any CPU
		{2F723DF5-3E0C-4AEF-8EE3-CC91BC8FF9BF}.Debug|x64.Build.0 = Debug|Any CPU
		{2F723DF5-3E0C-4AEF-8EE3-CC91BC8FF9BF}.Debug|x86.ActiveCfg = Debug|Any CPU
		{2F723DF5-3E0C-4AEF-8EE3-CC91BC8FF9BF}.Debug|x86.Build.0 = Debug|Any CPU
		{2F723DF5-3E0C-4AEF-8EE3-CC91BC8FF9BF}.Release|Any CPU.ActiveCfg = Release|Any CPU
		{2F723DF5-3E0C-4AEF-8EE3-CC91BC8FF9BF}.Release|Any CPU.Build.0 = Release|Any CPU
		{2F723DF5-3E0C-4AEF-8EE3-CC91BC8FF9BF}.Release|x64.ActiveCfg = Release|Any CPU
		{2F723DF5-3E0C-4AEF-8EE3-CC91BC8FF9BF}.Release|x64.Build.0 = Release|Any CPU
		{2F723DF5-3E0C-4AEF-8EE3-CC91BC8FF9BF}.Release|x86.ActiveCfg = Release|Any CPU
		{2F723DF5-3E0C-4AEF-8EE3-CC91BC8FF9BF}.Release|x86.Build.0 = Release|Any CPU
		{5A268A57-26DC-4696-A5AB-1F0FA997A18C}.Debug|Any CPU.ActiveCfg = Debug|Any CPU
		{5A268A57-26DC-4696-A5AB-1F0FA997A18C}.Debug|Any CPU.Build.0 = Debug|Any CPU
		{5A268A57-26DC-4696-A5AB-1F0FA997A18C}.Debug|x64.ActiveCfg = Debug|Any CPU
		{5A268A57-26DC-4696-A5AB-1F0FA997A18C}.Debug|x64.Build.0 = Debug|Any CPU
		{5A268A57-26DC-4696-A5AB-1F0FA997A18C}.Debug|x86.ActiveCfg = Debug|Any CPU
		{5A268A57-26DC-4696-A5AB-1F0FA997A18C}.Debug|x86.Build.0 = Debug|Any CPU
		{5A268A57-26DC-4696-A5AB-1F0FA997A18C}.Release|Any CPU.ActiveCfg = Release|Any CPU
		{5A268A57-26DC-4696-A5AB-1F0FA997A18C}.Release|Any CPU.Build.0 = Release|Any CPU
		{5A268A57-26DC-4696-A5AB-1F0FA997A18C}.Release|x64.ActiveCfg = Release|Any CPU
		{5A268A57-26DC-4696-A5AB-1F0FA997A18C}.Release|x64.Build.0 = Release|Any CPU
		{5A268A57-26DC-4696-A5AB-1F0FA997A18C}.Release|x86.ActiveCfg = Release|Any CPU
		{5A268A57-26DC-4696-A5AB-1F0FA997A18C}.Release|x86.Build.0 = Release|Any CPU
		{BEA56718-7763-4D6B-AB2B-7600865E4994}.Debug|Any CPU.ActiveCfg = Debug|Any CPU
		{BEA56718-7763-4D6B-AB2B-7600865E4994}.Debug|Any CPU.Build.0 = Debug|Any CPU
		{BEA56718-7763-4D6B-AB2B-7600865E4994}.Debug|x64.ActiveCfg = Debug|Any CPU
		{BEA56718-7763-4D6B-AB2B-7600865E4994}.Debug|x64.Build.0 = Debug|Any CPU
		{BEA56718-7763-4D6B-AB2B-7600865E4994}.Debug|x86.ActiveCfg = Debug|Any CPU
		{BEA56718-7763-4D6B-AB2B-7600865E4994}.Debug|x86.Build.0 = Debug|Any CPU
		{BEA56718-7763-4D6B-AB2B-7600865E4994}.Release|Any CPU.ActiveCfg = Release|Any CPU
		{BEA56718-7763-4D6B-AB2B-7600865E4994}.Release|Any CPU.Build.0 = Release|Any CPU
		{BEA56718-7763-4D6B-AB2B-7600865E4994}.Release|x64.ActiveCfg = Release|Any CPU
		{BEA56718-7763-4D6B-AB2B-7600865E4994}.Release|x64.Build.0 = Release|Any CPU
		{BEA56718-7763-4D6B-AB2B-7600865E4994}.Release|x86.ActiveCfg = Release|Any CPU
		{BEA56718-7763-4D6B-AB2B-7600865E4994}.Release|x86.Build.0 = Release|Any CPU
	EndGlobalSection
	GlobalSection(NestedProjects) = preSolution
		{1924B950-5CE7-11EB-AD10-2F61431AD83E} = {0DCEC79F-69EE-4581-87EE-2521E0FDA53D}
		{2F723DF5-3E0C-4AEF-8EE3-CC91BC8FF9BF} = {DBD7C774-CA43-4130-8D39-96CD0ED18024}
		{7DDFA3DF-B851-4F77-A8F2-09727C5966E9} = {DBD7C774-CA43-4130-8D39-96CD0ED18024}
		{8C170616-567D-4141-9C04-023911D97E43} = {DBD7C774-CA43-4130-8D39-96CD0ED18024}
		{BC35AE1C-1AFF-420E-8DE8-FCEBAA6A2F00} = {DBD7C774-CA43-4130-8D39-96CD0ED18024}
		{93F1331C-9E69-40A6-B2F7-349CCB992604} = {DBD7C774-CA43-4130-8D39-96CD0ED18024}
		{B8CB9EEE-B94C-4EF7-9B41-A8F39D28CF70} = {DBD7C774-CA43-4130-8D39-96CD0ED18024}
		{DBD7C774-CA43-4130-8D39-96CD0ED18024} = {0DCEC79F-69EE-4581-87EE-2521E0FDA53D}
		{6E05B036-9B3F-4B7A-A947-791AC8056A02} = {DBD7C774-CA43-4130-8D39-96CD0ED18024}
		{5A268A57-26DC-4696-A5AB-1F0FA997A18C} = {1924B950-5CE7-11EB-AD10-2F61431AD83E}
		{BEA56718-7763-4D6B-AB2B-7600865E4994} = {DBD7C774-CA43-4130-8D39-96CD0ED18024}
	EndGlobalSection
EndGlobal
